
Microsoft Visual Studio Solution File, Format Version 12.00
# Visual Studio 2013
VisualStudioVersion = 12.0.20827.3
MinimumVisualStudioVersion = 10.0.40219.1
Project("{FAE04EC0-301F-11D3-BF4B-00C04F79EFBC}") = "ProjectBoard.Core", "ProjectBoard\ProjectBoard.Core\ProjectBoard.Core.csproj", "{76D654FB-C9A3-4F17-8090-7BC8A89F23F3}"
EndProject
Project("{FAE04EC0-301F-11D3-BF4B-00C04F79EFBC}") = "ProjectBoard.Web", "ProjectBoard\ProjectBoard.Web\ProjectBoard.Web.csproj", "{5AB5BCDF-45DD-4445-8ABF-2F31A8428418}"
EndProject
Global
	GlobalSection(SolutionConfigurationPlatforms) = preSolution
		Debug|Any CPU = Debug|Any CPU
		Release|Any CPU = Release|Any CPU
	EndGlobalSection
	GlobalSection(ProjectConfigurationPlatforms) = postSolution
		{76D654FB-C9A3-4F17-8090-7BC8A89F23F3}.Debug|Any CPU.ActiveCfg = Debug|Any CPU
		{76D654FB-C9A3-4F17-8090-7BC8A89F23F3}.Debug|Any CPU.Build.0 = Debug|Any CPU
		{76D654FB-C9A3-4F17-8090-7BC8A89F23F3}.Release|Any CPU.ActiveCfg = Release|Any CPU
		{76D654FB-C9A3-4F17-8090-7BC8A89F23F3}.Release|Any CPU.Build.0 = Release|Any CPU
		{5AB5BCDF-45DD-4445-8ABF-2F31A8428418}.Debug|Any CPU.ActiveCfg = Debug|Any CPU
		{5AB5BCDF-45DD-4445-8ABF-2F31A8428418}.Debug|Any CPU.Build.0 = Debug|Any CPU
		{5AB5BCDF-45DD-4445-8ABF-2F31A8428418}.Release|Any CPU.ActiveCfg = Release|Any CPU
		{5AB5BCDF-45DD-4445-8ABF-2F31A8428418}.Release|Any CPU.Build.0 = Release|Any CPU
	EndGlobalSection
	GlobalSection(SolutionProperties) = preSolution
		HideSolutionNode = FALSE
	EndGlobalSection
EndGlobal
