
Microsoft Visual Studio Solution File, Format Version 12.00
# Visual Studio 2013
VisualStudioVersion = 12.0.20827.3
MinimumVisualStudioVersion = 10.0.40219.1
Project("{FAE04EC0-301F-11D3-BF4B-00C04F79EFBC}") = "ProjectBoard", "ProjectBoard\ProjectBoard.csproj", "{9055112D-9453-4C91-99A4-F12C885D751D}"
EndProject
Project("{FAE04EC0-301F-11D3-BF4B-00C04F79EFBC}") = "ProjectBoard.Core.Data", "ProjectBoard\ProjectBoard.Core.Data\ProjectBoard.Core.Data.csproj", "{14486BD8-29C4-4380-9D54-04E1E1E9789F}"
EndProject
Project("{FAE04EC0-301F-11D3-BF4B-00C04F79EFBC}") = "ProjectBoard.Core.Service", "ProjectBoard\ProjectBoard.Core.Service\ProjectBoard.Core.Service.csproj", "{76D654FB-C9A3-4F17-8090-7BC8A89F23F3}"
EndProject
Global
	GlobalSection(SolutionConfigurationPlatforms) = preSolution
		Debug|Any CPU = Debug|Any CPU
		Release|Any CPU = Release|Any CPU
	EndGlobalSection
	GlobalSection(ProjectConfigurationPlatforms) = postSolution
		{9055112D-9453-4C91-99A4-F12C885D751D}.Debug|Any CPU.ActiveCfg = Debug|Any CPU
		{9055112D-9453-4C91-99A4-F12C885D751D}.Debug|Any CPU.Build.0 = Debug|Any CPU
		{9055112D-9453-4C91-99A4-F12C885D751D}.Release|Any CPU.ActiveCfg = Release|Any CPU
		{9055112D-9453-4C91-99A4-F12C885D751D}.Release|Any CPU.Build.0 = Release|Any CPU
		{14486BD8-29C4-4380-9D54-04E1E1E9789F}.Debug|Any CPU.ActiveCfg = Debug|Any CPU
		{14486BD8-29C4-4380-9D54-04E1E1E9789F}.Debug|Any CPU.Build.0 = Debug|Any CPU
		{14486BD8-29C4-4380-9D54-04E1E1E9789F}.Release|Any CPU.ActiveCfg = Release|Any CPU
		{14486BD8-29C4-4380-9D54-04E1E1E9789F}.Release|Any CPU.Build.0 = Release|Any CPU
		{76D654FB-C9A3-4F17-8090-7BC8A89F23F3}.Debug|Any CPU.ActiveCfg = Debug|Any CPU
		{76D654FB-C9A3-4F17-8090-7BC8A89F23F3}.Debug|Any CPU.Build.0 = Debug|Any CPU
		{76D654FB-C9A3-4F17-8090-7BC8A89F23F3}.Release|Any CPU.ActiveCfg = Release|Any CPU
		{76D654FB-C9A3-4F17-8090-7BC8A89F23F3}.Release|Any CPU.Build.0 = Release|Any CPU
	EndGlobalSection
	GlobalSection(SolutionProperties) = preSolution
		HideSolutionNode = FALSE
	EndGlobalSection
EndGlobal
